# Lockfile v4
# This file is automatically generated by Wapm.
# It is not intended for manual editing. The schema of this file may change.
[modules."php/php"."0.1.1".php]
name = "php"
package_version = "0.1.1"
package_name = "php/php"
package_path = "php/php@0.1.1"
resolved = "https://registry-cdn.wapm.io/packages/_/php/php-0.1.1.tar.gz"
resolved_source = "registry+php"
abi = "emscripten"
source = "php.wasm"
[commands.php]
name = "php"
package_name = "php/php"
package_version = "0.1.1"
module = "php"
is_top_level_dependency = true
